
Microsoft Visual Studio Solution File, Format Version 12.00
# Visual Studio 2013
VisualStudioVersion = 12.0.30723.0
MinimumVisualStudioVersion = 10.0.40219.1
Project("{FAE04EC0-301F-11D3-BF4B-00C04F79EFBC}") = "AdventureWorks", "AdventureWorks\AdventureWorks.csproj", "{3A4064B5-DFCE-4A98-8F38-417442BB834D}"
EndProject
Project("{FAE04EC0-301F-11D3-BF4B-00C04F79EFBC}") = "ExportSalesOrderDetailsServerSideTelerikControl", "ExportSalesOrderDetailsServerSideTelerikControl\ExportSalesOrderDetailsServerSideTelerikControl.csproj", "{392C5D1C-4F8A-4FBE-9F82-CD64E1CB95DE}"
EndProject
Global
	GlobalSection(SolutionConfigurationPlatforms) = preSolution
		Debug|Any CPU = Debug|Any CPU
		Release|Any CPU = Release|Any CPU
	EndGlobalSection
	GlobalSection(ProjectConfigurationPlatforms) = postSolution
		{3A4064B5-DFCE-4A98-8F38-417442BB834D}.Debug|Any CPU.ActiveCfg = Debug|Any CPU
		{3A4064B5-DFCE-4A98-8F38-417442BB834D}.Debug|Any CPU.Build.0 = Debug|Any CPU
		{3A4064B5-DFCE-4A98-8F38-417442BB834D}.Release|Any CPU.ActiveCfg = Release|Any CPU
		{3A4064B5-DFCE-4A98-8F38-417442BB834D}.Release|Any CPU.Build.0 = Release|Any CPU
		{392C5D1C-4F8A-4FBE-9F82-CD64E1CB95DE}.Debug|Any CPU.ActiveCfg = Debug|Any CPU
		{392C5D1C-4F8A-4FBE-9F82-CD64E1CB95DE}.Debug|Any CPU.Build.0 = Debug|Any CPU
		{392C5D1C-4F8A-4FBE-9F82-CD64E1CB95DE}.Release|Any CPU.ActiveCfg = Release|Any CPU
		{392C5D1C-4F8A-4FBE-9F82-CD64E1CB95DE}.Release|Any CPU.Build.0 = Release|Any CPU
	EndGlobalSection
	GlobalSection(SolutionProperties) = preSolution
		HideSolutionNode = FALSE
	EndGlobalSection
EndGlobal
